{
  "requires": true,
  "lockfileVersion": 1,
  "dependencies": {
    "svelte-spinner": {
      "version": "2.0.2",
      "resolved": "https://registry.npmjs.org/svelte-spinner/-/svelte-spinner-2.0.2.tgz",
      "integrity": "sha512-tIsvy/udEdVxwf5HYg9zFvXVxGmS1O+zq2K1ush6ojNZy0DY+ZoW8lRYQEbvXMkU6ur2NfTECGV5ZSA4Rw6XRg==",
      "dev": true
    }
  }
}
